// !$*UTF8*$!
{
	archiveVersion = 1;
	classes = {
	};
	objectVersion = 50;
	objects = {

/* Begin PBXBuildFile section */
		782A792326BB783700B31493 /* NotificationPublisher.swift in Sources */ = {isa = PBXBuildFile; fileRef = 782A792226BB783700B31493 /* NotificationPublisher.swift */; };
		78472A9426B53A540076E3D7 /* ConditionViewController.swift in Sources */ = {isa = PBXBuildFile; fileRef = 78472A9226B53A540076E3D7 /* ConditionViewController.swift */; };
		78472A9526B53A540076E3D7 /* ConditionViewController.xib in Resources */ = {isa = PBXBuildFile; fileRef = 78472A9326B53A540076E3D7 /* ConditionViewController.xib */; };
		78472A9926B53A760076E3D7 /* ConditionTableViewCell.swift in Sources */ = {isa = PBXBuildFile; fileRef = 78472A9726B53A760076E3D7 /* ConditionTableViewCell.swift */; };
		78472A9A26B53A760076E3D7 /* ConditionTableViewCell.xib in Resources */ = {isa = PBXBuildFile; fileRef = 78472A9826B53A760076E3D7 /* ConditionTableViewCell.xib */; };
		78472A9D26B53D7B0076E3D7 /* DoneCheckingViewController.swift in Sources */ = {isa = PBXBuildFile; fileRef = 78472A9B26B53D7B0076E3D7 /* DoneCheckingViewController.swift */; };
		78472A9E26B53D7B0076E3D7 /* DoneCheckingViewController.xib in Resources */ = {isa = PBXBuildFile; fileRef = 78472A9C26B53D7B0076E3D7 /* DoneCheckingViewController.xib */; };
		78472AA126B53E800076E3D7 /* CustomButton.swift in Sources */ = {isa = PBXBuildFile; fileRef = 78472AA026B53E800076E3D7 /* CustomButton.swift */; };
		78472AA326B53EA10076E3D7 /* CustomTableViewCell.swift in Sources */ = {isa = PBXBuildFile; fileRef = 78472AA226B53EA10076E3D7 /* CustomTableViewCell.swift */; };
		78472AA526B53EBC0076E3D7 /* DashedLineView.swift in Sources */ = {isa = PBXBuildFile; fileRef = 78472AA426B53EBC0076E3D7 /* DashedLineView.swift */; };
		78472AA726B53ED00076E3D7 /* LineProcessView.swift in Sources */ = {isa = PBXBuildFile; fileRef = 78472AA626B53ED00076E3D7 /* LineProcessView.swift */; };
		78472AA926B53EE90076E3D7 /* MoistureLabel.swift in Sources */ = {isa = PBXBuildFile; fileRef = 78472AA826B53EE90076E3D7 /* MoistureLabel.swift */; };
		78472AAC26B53F410076E3D7 /* CompostDetailViewController.swift in Sources */ = {isa = PBXBuildFile; fileRef = 78472AAA26B53F410076E3D7 /* CompostDetailViewController.swift */; };
		78472AAD26B53F410076E3D7 /* CompostDetailViewController.xib in Resources */ = {isa = PBXBuildFile; fileRef = 78472AAB26B53F410076E3D7 /* CompostDetailViewController.xib */; };
		78472AB026B540810076E3D7 /* ProcessTableViewCell.swift in Sources */ = {isa = PBXBuildFile; fileRef = 78472AAE26B540810076E3D7 /* ProcessTableViewCell.swift */; };
		78472AB126B540810076E3D7 /* ProcessTableViewCell.xib in Resources */ = {isa = PBXBuildFile; fileRef = 78472AAF26B540810076E3D7 /* ProcessTableViewCell.xib */; };
		78FEC0F026AF12290034CFC1 /* CompostController.swift in Sources */ = {isa = PBXBuildFile; fileRef = 78FEC0EE26AF12290034CFC1 /* CompostController.swift */; };
		78FEC0F126AF12290034CFC1 /* CompostController.xib in Resources */ = {isa = PBXBuildFile; fileRef = 78FEC0EF26AF12290034CFC1 /* CompostController.xib */; };
		9ABE350226B9AFC100D9ECB9 /* Solution.swift in Sources */ = {isa = PBXBuildFile; fileRef = 9ABE34FB26B9AFC000D9ECB9 /* Solution.swift */; };
		9ABE350326B9AFC100D9ECB9 /* MaterialDetail.swift in Sources */ = {isa = PBXBuildFile; fileRef = 9ABE34FC26B9AFC000D9ECB9 /* MaterialDetail.swift */; };
		9ABE350426B9AFC100D9ECB9 /* Condition.swift in Sources */ = {isa = PBXBuildFile; fileRef = 9ABE34FD26B9AFC100D9ECB9 /* Condition.swift */; };
		9ABE350526B9AFC100D9ECB9 /* Tutorial.swift in Sources */ = {isa = PBXBuildFile; fileRef = 9ABE34FE26B9AFC100D9ECB9 /* Tutorial.swift */; };
		9ABE350626B9AFC100D9ECB9 /* WasteMaterialTutorial.swift in Sources */ = {isa = PBXBuildFile; fileRef = 9ABE34FF26B9AFC100D9ECB9 /* WasteMaterialTutorial.swift */; };
		9ABE350726B9AFC100D9ECB9 /* Seeder.swift in Sources */ = {isa = PBXBuildFile; fileRef = 9ABE350026B9AFC100D9ECB9 /* Seeder.swift */; };
		9ABE350826B9AFC100D9ECB9 /* Material.swift in Sources */ = {isa = PBXBuildFile; fileRef = 9ABE350126B9AFC100D9ECB9 /* Material.swift */; };
		9ABE350B26B9B00600D9ECB9 /* MoistureCalculation.swift in Sources */ = {isa = PBXBuildFile; fileRef = 9ABE350926B9B00600D9ECB9 /* MoistureCalculation.swift */; };
		9ABE350C26B9B00600D9ECB9 /* StringModifier.swift in Sources */ = {isa = PBXBuildFile; fileRef = 9ABE350A26B9B00600D9ECB9 /* StringModifier.swift */; };
		9ABE350F26B9B00F00D9ECB9 /* UIView+Ext.swift in Sources */ = {isa = PBXBuildFile; fileRef = 9ABE350D26B9B00F00D9ECB9 /* UIView+Ext.swift */; };
		9ABE351026B9B00F00D9ECB9 /* UITextField+Ext.swift in Sources */ = {isa = PBXBuildFile; fileRef = 9ABE350E26B9B00F00D9ECB9 /* UITextField+Ext.swift */; };
		9ABE351626B9B09600D9ECB9 /* Process+CoreDataProperties.swift in Sources */ = {isa = PBXBuildFile; fileRef = 9ABE351126B9B09600D9ECB9 /* Process+CoreDataProperties.swift */; };
		9ABE351726B9B09600D9ECB9 /* CoreDataManager.swift in Sources */ = {isa = PBXBuildFile; fileRef = 9ABE351226B9B09600D9ECB9 /* CoreDataManager.swift */; };
		9ABE351826B9B09600D9ECB9 /* Compost+CoreDataProperties.swift in Sources */ = {isa = PBXBuildFile; fileRef = 9ABE351326B9B09600D9ECB9 /* Compost+CoreDataProperties.swift */; };
		9ABE351926B9B09600D9ECB9 /* Compost+CoreDataClass.swift in Sources */ = {isa = PBXBuildFile; fileRef = 9ABE351426B9B09600D9ECB9 /* Compost+CoreDataClass.swift */; };
		9ABE351A26B9B09600D9ECB9 /* Process+CoreDataClass.swift in Sources */ = {isa = PBXBuildFile; fileRef = 9ABE351526B9B09600D9ECB9 /* Process+CoreDataClass.swift */; };
		9ABE353426B9B0A400D9ECB9 /* CreateButtonTableViewCell.xib in Resources */ = {isa = PBXBuildFile; fileRef = 9ABE351D26B9B0A400D9ECB9 /* CreateButtonTableViewCell.xib */; };
		9ABE353526B9B0A400D9ECB9 /* CreateButtonTableViewCell.swift in Sources */ = {isa = PBXBuildFile; fileRef = 9ABE351E26B9B0A400D9ECB9 /* CreateButtonTableViewCell.swift */; };
		9ABE353626B9B0A400D9ECB9 /* ListBahanViewController.xib in Resources */ = {isa = PBXBuildFile; fileRef = 9ABE352026B9B0A400D9ECB9 /* ListBahanViewController.xib */; };
		9ABE353726B9B0A400D9ECB9 /* ListBahanViewController.swift in Sources */ = {isa = PBXBuildFile; fileRef = 9ABE352126B9B0A400D9ECB9 /* ListBahanViewController.swift */; };
		9ABE353826B9B0A400D9ECB9 /* BahanTableViewCell.xib in Resources */ = {isa = PBXBuildFile; fileRef = 9ABE352326B9B0A400D9ECB9 /* BahanTableViewCell.xib */; };
		9ABE353926B9B0A400D9ECB9 /* BahanTableViewCell.swift in Sources */ = {isa = PBXBuildFile; fileRef = 9ABE352426B9B0A400D9ECB9 /* BahanTableViewCell.swift */; };
		9ABE353A26B9B0A400D9ECB9 /* ProfileTableViewCell.swift in Sources */ = {isa = PBXBuildFile; fileRef = 9ABE352626B9B0A400D9ECB9 /* ProfileTableViewCell.swift */; };
		9ABE353B26B9B0A400D9ECB9 /* ProfileTableViewCell.xib in Resources */ = {isa = PBXBuildFile; fileRef = 9ABE352726B9B0A400D9ECB9 /* ProfileTableViewCell.xib */; };
		9ABE353C26B9B0A400D9ECB9 /* TotalItemTableViewCell.swift in Sources */ = {isa = PBXBuildFile; fileRef = 9ABE352926B9B0A400D9ECB9 /* TotalItemTableViewCell.swift */; };
		9ABE353D26B9B0A400D9ECB9 /* TotalItemTableViewCell.xib in Resources */ = {isa = PBXBuildFile; fileRef = 9ABE352A26B9B0A400D9ECB9 /* TotalItemTableViewCell.xib */; };
		9ABE353E26B9B0A400D9ECB9 /* CreateCompostViewController.xib in Resources */ = {isa = PBXBuildFile; fileRef = 9ABE352C26B9B0A400D9ECB9 /* CreateCompostViewController.xib */; };
		9ABE353F26B9B0A400D9ECB9 /* CreateCompostViewController.swift in Sources */ = {isa = PBXBuildFile; fileRef = 9ABE352D26B9B0A400D9ECB9 /* CreateCompostViewController.swift */; };
		9ABE354026B9B0A400D9ECB9 /* DetailMaterialTableViewCell.swift in Sources */ = {isa = PBXBuildFile; fileRef = 9ABE352F26B9B0A400D9ECB9 /* DetailMaterialTableViewCell.swift */; };
		9ABE354126B9B0A400D9ECB9 /* DetailMaterialTableViewCell.xib in Resources */ = {isa = PBXBuildFile; fileRef = 9ABE353026B9B0A400D9ECB9 /* DetailMaterialTableViewCell.xib */; };
		9ABE354226B9B0A400D9ECB9 /* ListBahanTableViewCell.swift in Sources */ = {isa = PBXBuildFile; fileRef = 9ABE353226B9B0A400D9ECB9 /* ListBahanTableViewCell.swift */; };
		9ABE354326B9B0A400D9ECB9 /* ListBahanTableViewCell.xib in Resources */ = {isa = PBXBuildFile; fileRef = 9ABE353326B9B0A400D9ECB9 /* ListBahanTableViewCell.xib */; };
		C62BC62926BDAAF200D3E4EB /* CheckingResultsCell.xib in Resources */ = {isa = PBXBuildFile; fileRef = C62BC61F26BDAAF200D3E4EB /* CheckingResultsCell.xib */; };
		C62BC62A26BDAAF200D3E4EB /* CheckingResultsCell.swift in Sources */ = {isa = PBXBuildFile; fileRef = C62BC62026BDAAF200D3E4EB /* CheckingResultsCell.swift */; };
		C62BC62B26BDAAF200D3E4EB /* SolutionHeaderCell.xib in Resources */ = {isa = PBXBuildFile; fileRef = C62BC62226BDAAF200D3E4EB /* SolutionHeaderCell.xib */; };
		C62BC62C26BDAAF200D3E4EB /* SolutionHeaderCell.swift in Sources */ = {isa = PBXBuildFile; fileRef = C62BC62326BDAAF200D3E4EB /* SolutionHeaderCell.swift */; };
		C62BC62D26BDAAF200D3E4EB /* CheckingResultsPageController.swift in Sources */ = {isa = PBXBuildFile; fileRef = C62BC62426BDAAF200D3E4EB /* CheckingResultsPageController.swift */; };
		C62BC62E26BDAAF200D3E4EB /* SelesaiButton.xib in Resources */ = {isa = PBXBuildFile; fileRef = C62BC62626BDAAF200D3E4EB /* SelesaiButton.xib */; };
		C62BC62F26BDAAF200D3E4EB /* SelesaiButton.swift in Sources */ = {isa = PBXBuildFile; fileRef = C62BC62726BDAAF200D3E4EB /* SelesaiButton.swift */; };
		C62BC63026BDAAF200D3E4EB /* CheckingResultsPageController.xib in Resources */ = {isa = PBXBuildFile; fileRef = C62BC62826BDAAF200D3E4EB /* CheckingResultsPageController.xib */; };
		C645E02126AE59D800888F63 /* AppDelegate.swift in Sources */ = {isa = PBXBuildFile; fileRef = C645E02026AE59D800888F63 /* AppDelegate.swift */; };
		C645E02326AE59D800888F63 /* SceneDelegate.swift in Sources */ = {isa = PBXBuildFile; fileRef = C645E02226AE59D800888F63 /* SceneDelegate.swift */; };
		C645E02B26AE59D800888F63 /* Komposku.xcdatamodeld in Sources */ = {isa = PBXBuildFile; fileRef = C645E02926AE59D800888F63 /* Komposku.xcdatamodeld */; };
		C645E02D26AE59D900888F63 /* Assets.xcassets in Resources */ = {isa = PBXBuildFile; fileRef = C645E02C26AE59D900888F63 /* Assets.xcassets */; };
		C645E03026AE59D900888F63 /* LaunchScreen.storyboard in Resources */ = {isa = PBXBuildFile; fileRef = C645E02E26AE59D900888F63 /* LaunchScreen.storyboard */; };
		C65630D426B26C190043B325 /* CompostListPage.xib in Resources */ = {isa = PBXBuildFile; fileRef = C65630D326B26C190043B325 /* CompostListPage.xib */; };
		C65630DC26B26FD30043B325 /* CompostListPageController.swift in Sources */ = {isa = PBXBuildFile; fileRef = C65630DB26B26FD30043B325 /* CompostListPageController.swift */; };
		C68FA6B626B3B2D400634243 /* CompostTableViewCell.swift in Sources */ = {isa = PBXBuildFile; fileRef = C68FA6B426B3B2D400634243 /* CompostTableViewCell.swift */; };
		C68FA6B726B3B2D400634243 /* CompostTableViewCell.xib in Resources */ = {isa = PBXBuildFile; fileRef = C68FA6B526B3B2D400634243 /* CompostTableViewCell.xib */; };
/* End PBXBuildFile section */

/* Begin PBXFileReference section */
		782A792226BB783700B31493 /* NotificationPublisher.swift */ = {isa = PBXFileReference; lastKnownFileType = sourcecode.swift; path = NotificationPublisher.swift; sourceTree = "<group>"; };
		78472A9226B53A540076E3D7 /* ConditionViewController.swift */ = {isa = PBXFileReference; lastKnownFileType = sourcecode.swift; path = ConditionViewController.swift; sourceTree = "<group>"; };
		78472A9326B53A540076E3D7 /* ConditionViewController.xib */ = {isa = PBXFileReference; lastKnownFileType = file.xib; path = ConditionViewController.xib; sourceTree = "<group>"; };
		78472A9726B53A760076E3D7 /* ConditionTableViewCell.swift */ = {isa = PBXFileReference; lastKnownFileType = sourcecode.swift; path = ConditionTableViewCell.swift; sourceTree = "<group>"; };
		78472A9826B53A760076E3D7 /* ConditionTableViewCell.xib */ = {isa = PBXFileReference; lastKnownFileType = file.xib; path = ConditionTableViewCell.xib; sourceTree = "<group>"; };
		78472A9B26B53D7B0076E3D7 /* DoneCheckingViewController.swift */ = {isa = PBXFileReference; lastKnownFileType = sourcecode.swift; path = DoneCheckingViewController.swift; sourceTree = "<group>"; };
		78472A9C26B53D7B0076E3D7 /* DoneCheckingViewController.xib */ = {isa = PBXFileReference; lastKnownFileType = file.xib; path = DoneCheckingViewController.xib; sourceTree = "<group>"; };
		78472AA026B53E800076E3D7 /* CustomButton.swift */ = {isa = PBXFileReference; lastKnownFileType = sourcecode.swift; path = CustomButton.swift; sourceTree = "<group>"; };
		78472AA226B53EA10076E3D7 /* CustomTableViewCell.swift */ = {isa = PBXFileReference; lastKnownFileType = sourcecode.swift; path = CustomTableViewCell.swift; sourceTree = "<group>"; };
		78472AA426B53EBC0076E3D7 /* DashedLineView.swift */ = {isa = PBXFileReference; lastKnownFileType = sourcecode.swift; path = DashedLineView.swift; sourceTree = "<group>"; };
		78472AA626B53ED00076E3D7 /* LineProcessView.swift */ = {isa = PBXFileReference; lastKnownFileType = sourcecode.swift; path = LineProcessView.swift; sourceTree = "<group>"; };
		78472AA826B53EE90076E3D7 /* MoistureLabel.swift */ = {isa = PBXFileReference; lastKnownFileType = sourcecode.swift; path = MoistureLabel.swift; sourceTree = "<group>"; };
		78472AAA26B53F410076E3D7 /* CompostDetailViewController.swift */ = {isa = PBXFileReference; lastKnownFileType = sourcecode.swift; path = CompostDetailViewController.swift; sourceTree = "<group>"; };
		78472AAB26B53F410076E3D7 /* CompostDetailViewController.xib */ = {isa = PBXFileReference; lastKnownFileType = file.xib; path = CompostDetailViewController.xib; sourceTree = "<group>"; };
		78472AAE26B540810076E3D7 /* ProcessTableViewCell.swift */ = {isa = PBXFileReference; lastKnownFileType = sourcecode.swift; path = ProcessTableViewCell.swift; sourceTree = "<group>"; };
		78472AAF26B540810076E3D7 /* ProcessTableViewCell.xib */ = {isa = PBXFileReference; lastKnownFileType = file.xib; path = ProcessTableViewCell.xib; sourceTree = "<group>"; };
		78FEC0EE26AF12290034CFC1 /* CompostController.swift */ = {isa = PBXFileReference; lastKnownFileType = sourcecode.swift; path = CompostController.swift; sourceTree = "<group>"; };
		78FEC0EF26AF12290034CFC1 /* CompostController.xib */ = {isa = PBXFileReference; lastKnownFileType = file.xib; path = CompostController.xib; sourceTree = "<group>"; };
		9ABE34FB26B9AFC000D9ECB9 /* Solution.swift */ = {isa = PBXFileReference; fileEncoding = 4; lastKnownFileType = sourcecode.swift; path = Solution.swift; sourceTree = "<group>"; };
		9ABE34FC26B9AFC000D9ECB9 /* MaterialDetail.swift */ = {isa = PBXFileReference; fileEncoding = 4; lastKnownFileType = sourcecode.swift; path = MaterialDetail.swift; sourceTree = "<group>"; };
		9ABE34FD26B9AFC100D9ECB9 /* Condition.swift */ = {isa = PBXFileReference; fileEncoding = 4; lastKnownFileType = sourcecode.swift; path = Condition.swift; sourceTree = "<group>"; };
		9ABE34FE26B9AFC100D9ECB9 /* Tutorial.swift */ = {isa = PBXFileReference; fileEncoding = 4; lastKnownFileType = sourcecode.swift; path = Tutorial.swift; sourceTree = "<group>"; };
		9ABE34FF26B9AFC100D9ECB9 /* WasteMaterialTutorial.swift */ = {isa = PBXFileReference; fileEncoding = 4; lastKnownFileType = sourcecode.swift; path = WasteMaterialTutorial.swift; sourceTree = "<group>"; };
		9ABE350026B9AFC100D9ECB9 /* Seeder.swift */ = {isa = PBXFileReference; fileEncoding = 4; lastKnownFileType = sourcecode.swift; path = Seeder.swift; sourceTree = "<group>"; };
		9ABE350126B9AFC100D9ECB9 /* Material.swift */ = {isa = PBXFileReference; fileEncoding = 4; lastKnownFileType = sourcecode.swift; path = Material.swift; sourceTree = "<group>"; };
		9ABE350926B9B00600D9ECB9 /* MoistureCalculation.swift */ = {isa = PBXFileReference; fileEncoding = 4; lastKnownFileType = sourcecode.swift; path = MoistureCalculation.swift; sourceTree = "<group>"; };
		9ABE350A26B9B00600D9ECB9 /* StringModifier.swift */ = {isa = PBXFileReference; fileEncoding = 4; lastKnownFileType = sourcecode.swift; path = StringModifier.swift; sourceTree = "<group>"; };
		9ABE350D26B9B00F00D9ECB9 /* UIView+Ext.swift */ = {isa = PBXFileReference; fileEncoding = 4; lastKnownFileType = sourcecode.swift; path = "UIView+Ext.swift"; sourceTree = "<group>"; };
		9ABE350E26B9B00F00D9ECB9 /* UITextField+Ext.swift */ = {isa = PBXFileReference; fileEncoding = 4; lastKnownFileType = sourcecode.swift; path = "UITextField+Ext.swift"; sourceTree = "<group>"; };
		9ABE351126B9B09600D9ECB9 /* Process+CoreDataProperties.swift */ = {isa = PBXFileReference; fileEncoding = 4; lastKnownFileType = sourcecode.swift; path = "Process+CoreDataProperties.swift"; sourceTree = "<group>"; };
		9ABE351226B9B09600D9ECB9 /* CoreDataManager.swift */ = {isa = PBXFileReference; fileEncoding = 4; lastKnownFileType = sourcecode.swift; path = CoreDataManager.swift; sourceTree = "<group>"; };
		9ABE351326B9B09600D9ECB9 /* Compost+CoreDataProperties.swift */ = {isa = PBXFileReference; fileEncoding = 4; lastKnownFileType = sourcecode.swift; path = "Compost+CoreDataProperties.swift"; sourceTree = "<group>"; };
		9ABE351426B9B09600D9ECB9 /* Compost+CoreDataClass.swift */ = {isa = PBXFileReference; fileEncoding = 4; lastKnownFileType = sourcecode.swift; path = "Compost+CoreDataClass.swift"; sourceTree = "<group>"; };
		9ABE351526B9B09600D9ECB9 /* Process+CoreDataClass.swift */ = {isa = PBXFileReference; fileEncoding = 4; lastKnownFileType = sourcecode.swift; path = "Process+CoreDataClass.swift"; sourceTree = "<group>"; };
		9ABE351D26B9B0A400D9ECB9 /* CreateButtonTableViewCell.xib */ = {isa = PBXFileReference; fileEncoding = 4; lastKnownFileType = file.xib; path = CreateButtonTableViewCell.xib; sourceTree = "<group>"; };
		9ABE351E26B9B0A400D9ECB9 /* CreateButtonTableViewCell.swift */ = {isa = PBXFileReference; fileEncoding = 4; lastKnownFileType = sourcecode.swift; path = CreateButtonTableViewCell.swift; sourceTree = "<group>"; };
		9ABE352026B9B0A400D9ECB9 /* ListBahanViewController.xib */ = {isa = PBXFileReference; fileEncoding = 4; lastKnownFileType = file.xib; path = ListBahanViewController.xib; sourceTree = "<group>"; };
		9ABE352126B9B0A400D9ECB9 /* ListBahanViewController.swift */ = {isa = PBXFileReference; fileEncoding = 4; lastKnownFileType = sourcecode.swift; path = ListBahanViewController.swift; sourceTree = "<group>"; };
		9ABE352326B9B0A400D9ECB9 /* BahanTableViewCell.xib */ = {isa = PBXFileReference; fileEncoding = 4; lastKnownFileType = file.xib; path = BahanTableViewCell.xib; sourceTree = "<group>"; };
		9ABE352426B9B0A400D9ECB9 /* BahanTableViewCell.swift */ = {isa = PBXFileReference; fileEncoding = 4; lastKnownFileType = sourcecode.swift; path = BahanTableViewCell.swift; sourceTree = "<group>"; };
		9ABE352626B9B0A400D9ECB9 /* ProfileTableViewCell.swift */ = {isa = PBXFileReference; fileEncoding = 4; lastKnownFileType = sourcecode.swift; path = ProfileTableViewCell.swift; sourceTree = "<group>"; };
		9ABE352726B9B0A400D9ECB9 /* ProfileTableViewCell.xib */ = {isa = PBXFileReference; fileEncoding = 4; lastKnownFileType = file.xib; path = ProfileTableViewCell.xib; sourceTree = "<group>"; };
		9ABE352926B9B0A400D9ECB9 /* TotalItemTableViewCell.swift */ = {isa = PBXFileReference; fileEncoding = 4; lastKnownFileType = sourcecode.swift; path = TotalItemTableViewCell.swift; sourceTree = "<group>"; };
		9ABE352A26B9B0A400D9ECB9 /* TotalItemTableViewCell.xib */ = {isa = PBXFileReference; fileEncoding = 4; lastKnownFileType = file.xib; path = TotalItemTableViewCell.xib; sourceTree = "<group>"; };
		9ABE352C26B9B0A400D9ECB9 /* CreateCompostViewController.xib */ = {isa = PBXFileReference; fileEncoding = 4; lastKnownFileType = file.xib; path = CreateCompostViewController.xib; sourceTree = "<group>"; };
		9ABE352D26B9B0A400D9ECB9 /* CreateCompostViewController.swift */ = {isa = PBXFileReference; fileEncoding = 4; lastKnownFileType = sourcecode.swift; path = CreateCompostViewController.swift; sourceTree = "<group>"; };
		9ABE352F26B9B0A400D9ECB9 /* DetailMaterialTableViewCell.swift */ = {isa = PBXFileReference; fileEncoding = 4; lastKnownFileType = sourcecode.swift; path = DetailMaterialTableViewCell.swift; sourceTree = "<group>"; };
		9ABE353026B9B0A400D9ECB9 /* DetailMaterialTableViewCell.xib */ = {isa = PBXFileReference; fileEncoding = 4; lastKnownFileType = file.xib; path = DetailMaterialTableViewCell.xib; sourceTree = "<group>"; };
		9ABE353226B9B0A400D9ECB9 /* ListBahanTableViewCell.swift */ = {isa = PBXFileReference; fileEncoding = 4; lastKnownFileType = sourcecode.swift; path = ListBahanTableViewCell.swift; sourceTree = "<group>"; };
		9ABE353326B9B0A400D9ECB9 /* ListBahanTableViewCell.xib */ = {isa = PBXFileReference; fileEncoding = 4; lastKnownFileType = file.xib; path = ListBahanTableViewCell.xib; sourceTree = "<group>"; };
		C62BC61F26BDAAF200D3E4EB /* CheckingResultsCell.xib */ = {isa = PBXFileReference; fileEncoding = 4; lastKnownFileType = file.xib; path = CheckingResultsCell.xib; sourceTree = "<group>"; };
		C62BC62026BDAAF200D3E4EB /* CheckingResultsCell.swift */ = {isa = PBXFileReference; fileEncoding = 4; lastKnownFileType = sourcecode.swift; path = CheckingResultsCell.swift; sourceTree = "<group>"; };
		C62BC62226BDAAF200D3E4EB /* SolutionHeaderCell.xib */ = {isa = PBXFileReference; fileEncoding = 4; lastKnownFileType = file.xib; path = SolutionHeaderCell.xib; sourceTree = "<group>"; };
		C62BC62326BDAAF200D3E4EB /* SolutionHeaderCell.swift */ = {isa = PBXFileReference; fileEncoding = 4; lastKnownFileType = sourcecode.swift; path = SolutionHeaderCell.swift; sourceTree = "<group>"; };
		C62BC62426BDAAF200D3E4EB /* CheckingResultsPageController.swift */ = {isa = PBXFileReference; fileEncoding = 4; lastKnownFileType = sourcecode.swift; path = CheckingResultsPageController.swift; sourceTree = "<group>"; };
		C62BC62626BDAAF200D3E4EB /* SelesaiButton.xib */ = {isa = PBXFileReference; fileEncoding = 4; lastKnownFileType = file.xib; path = SelesaiButton.xib; sourceTree = "<group>"; };
		C62BC62726BDAAF200D3E4EB /* SelesaiButton.swift */ = {isa = PBXFileReference; fileEncoding = 4; lastKnownFileType = sourcecode.swift; path = SelesaiButton.swift; sourceTree = "<group>"; };
		C62BC62826BDAAF200D3E4EB /* CheckingResultsPageController.xib */ = {isa = PBXFileReference; fileEncoding = 4; lastKnownFileType = file.xib; path = CheckingResultsPageController.xib; sourceTree = "<group>"; };
		C645E01D26AE59D800888F63 /* Komposku.app */ = {isa = PBXFileReference; explicitFileType = wrapper.application; includeInIndex = 0; path = Komposku.app; sourceTree = BUILT_PRODUCTS_DIR; };
		C645E02026AE59D800888F63 /* AppDelegate.swift */ = {isa = PBXFileReference; lastKnownFileType = sourcecode.swift; path = AppDelegate.swift; sourceTree = "<group>"; };
		C645E02226AE59D800888F63 /* SceneDelegate.swift */ = {isa = PBXFileReference; lastKnownFileType = sourcecode.swift; path = SceneDelegate.swift; sourceTree = "<group>"; };
		C645E02A26AE59D800888F63 /* Komposku.xcdatamodel */ = {isa = PBXFileReference; lastKnownFileType = wrapper.xcdatamodel; path = Komposku.xcdatamodel; sourceTree = "<group>"; };
		C645E02C26AE59D900888F63 /* Assets.xcassets */ = {isa = PBXFileReference; lastKnownFileType = folder.assetcatalog; path = Assets.xcassets; sourceTree = "<group>"; };
		C645E02F26AE59D900888F63 /* Base */ = {isa = PBXFileReference; lastKnownFileType = file.storyboard; name = Base; path = Base.lproj/LaunchScreen.storyboard; sourceTree = "<group>"; };
		C645E03126AE59D900888F63 /* Info.plist */ = {isa = PBXFileReference; lastKnownFileType = text.plist.xml; path = Info.plist; sourceTree = "<group>"; };
		C65630D326B26C190043B325 /* CompostListPage.xib */ = {isa = PBXFileReference; lastKnownFileType = file.xib; path = CompostListPage.xib; sourceTree = "<group>"; };
		C65630DB26B26FD30043B325 /* CompostListPageController.swift */ = {isa = PBXFileReference; lastKnownFileType = sourcecode.swift; path = CompostListPageController.swift; sourceTree = "<group>"; };
		C68FA6B426B3B2D400634243 /* CompostTableViewCell.swift */ = {isa = PBXFileReference; lastKnownFileType = sourcecode.swift; path = CompostTableViewCell.swift; sourceTree = "<group>"; };
		C68FA6B526B3B2D400634243 /* CompostTableViewCell.xib */ = {isa = PBXFileReference; lastKnownFileType = file.xib; path = CompostTableViewCell.xib; sourceTree = "<group>"; };
/* End PBXFileReference section */

/* Begin PBXFrameworksBuildPhase section */
		C645E01A26AE59D800888F63 /* Frameworks */ = {
			isa = PBXFrameworksBuildPhase;
			buildActionMask = 2147483647;
			files = (
			);
			runOnlyForDeploymentPostprocessing = 0;
		};
/* End PBXFrameworksBuildPhase section */

/* Begin PBXGroup section */
		782A792126BB782100B31493 /* Notification */ = {
			isa = PBXGroup;
			children = (
				782A792226BB783700B31493 /* NotificationPublisher.swift */,
			);
			path = Notification;
			sourceTree = "<group>";
		};
		78472A8F26B53A080076E3D7 /* CompostDetail */ = {
			isa = PBXGroup;
			children = (
				78472AB226B540A70076E3D7 /* ProcessTableViewCell */,
				78472AAA26B53F410076E3D7 /* CompostDetailViewController.swift */,
				78472AAB26B53F410076E3D7 /* CompostDetailViewController.xib */,
			);
			path = CompostDetail;
			sourceTree = "<group>";
		};
		78472A9026B53A150076E3D7 /* DoneChecking */ = {
			isa = PBXGroup;
			children = (
				78472A9B26B53D7B0076E3D7 /* DoneCheckingViewController.swift */,
				78472A9C26B53D7B0076E3D7 /* DoneCheckingViewController.xib */,
			);
			path = DoneChecking;
			sourceTree = "<group>";
		};
		78472A9126B53A2B0076E3D7 /* CheckCondition */ = {
			isa = PBXGroup;
			children = (
				78472A9626B53A580076E3D7 /* ConditionTableViewCell */,
				78472A9226B53A540076E3D7 /* ConditionViewController.swift */,
				78472A9326B53A540076E3D7 /* ConditionViewController.xib */,
			);
			path = CheckCondition;
			sourceTree = "<group>";
		};
		78472A9626B53A580076E3D7 /* ConditionTableViewCell */ = {
			isa = PBXGroup;
			children = (
				78472A9726B53A760076E3D7 /* ConditionTableViewCell.swift */,
				78472A9826B53A760076E3D7 /* ConditionTableViewCell.xib */,
			);
			path = ConditionTableViewCell;
			sourceTree = "<group>";
		};
		78472A9F26B53E630076E3D7 /* ReusableView */ = {
			isa = PBXGroup;
			children = (
				78472AA026B53E800076E3D7 /* CustomButton.swift */,
				78472AA226B53EA10076E3D7 /* CustomTableViewCell.swift */,
				78472AA426B53EBC0076E3D7 /* DashedLineView.swift */,
				78472AA626B53ED00076E3D7 /* LineProcessView.swift */,
				78472AA826B53EE90076E3D7 /* MoistureLabel.swift */,
			);
			path = ReusableView;
			sourceTree = "<group>";
		};
		78472AB226B540A70076E3D7 /* ProcessTableViewCell */ = {
			isa = PBXGroup;
			children = (
				78472AAE26B540810076E3D7 /* ProcessTableViewCell.swift */,
				78472AAF26B540810076E3D7 /* ProcessTableViewCell.xib */,
			);
			path = ProcessTableViewCell;
			sourceTree = "<group>";
		};
		9AAEAC4926B39F8800093429 /* Helper */ = {
			isa = PBXGroup;
			children = (
				9ABE350926B9B00600D9ECB9 /* MoistureCalculation.swift */,
				9ABE350A26B9B00600D9ECB9 /* StringModifier.swift */,
			);
			path = Helper;
			sourceTree = "<group>";
		};
		9ABE34FA26B9AF6B00D9ECB9 /* Recovered References */ = {
			isa = PBXGroup;
			children = (
			);
			name = "Recovered References";
			sourceTree = "<group>";
		};
		9ABE351B26B9B0A400D9ECB9 /* CreateCompost */ = {
			isa = PBXGroup;
			children = (
				9ABE351C26B9B0A400D9ECB9 /* CreateButton */,
				9ABE351F26B9B0A400D9ECB9 /* ListBahan */,
				9ABE352226B9B0A400D9ECB9 /* BahanCell */,
				9ABE352526B9B0A400D9ECB9 /* ProfileCell */,
				9ABE352826B9B0A400D9ECB9 /* TotalItem */,
				9ABE352B26B9B0A400D9ECB9 /* Create */,
				9ABE352E26B9B0A400D9ECB9 /* DetailMaterialCell */,
				9ABE353126B9B0A400D9ECB9 /* ListBahanCell */,
			);
			path = CreateCompost;
			sourceTree = "<group>";
		};
		9ABE351C26B9B0A400D9ECB9 /* CreateButton */ = {
			isa = PBXGroup;
			children = (
				9ABE351D26B9B0A400D9ECB9 /* CreateButtonTableViewCell.xib */,
				9ABE351E26B9B0A400D9ECB9 /* CreateButtonTableViewCell.swift */,
			);
			path = CreateButton;
			sourceTree = "<group>";
		};
		9ABE351F26B9B0A400D9ECB9 /* ListBahan */ = {
			isa = PBXGroup;
			children = (
				9ABE352026B9B0A400D9ECB9 /* ListBahanViewController.xib */,
				9ABE352126B9B0A400D9ECB9 /* ListBahanViewController.swift */,
			);
			path = ListBahan;
			sourceTree = "<group>";
		};
		9ABE352226B9B0A400D9ECB9 /* BahanCell */ = {
			isa = PBXGroup;
			children = (
				9ABE352326B9B0A400D9ECB9 /* BahanTableViewCell.xib */,
				9ABE352426B9B0A400D9ECB9 /* BahanTableViewCell.swift */,
			);
			path = BahanCell;
			sourceTree = "<group>";
		};
		9ABE352526B9B0A400D9ECB9 /* ProfileCell */ = {
			isa = PBXGroup;
			children = (
				9ABE352626B9B0A400D9ECB9 /* ProfileTableViewCell.swift */,
				9ABE352726B9B0A400D9ECB9 /* ProfileTableViewCell.xib */,
			);
			path = ProfileCell;
			sourceTree = "<group>";
		};
		9ABE352826B9B0A400D9ECB9 /* TotalItem */ = {
			isa = PBXGroup;
			children = (
				9ABE352926B9B0A400D9ECB9 /* TotalItemTableViewCell.swift */,
				9ABE352A26B9B0A400D9ECB9 /* TotalItemTableViewCell.xib */,
			);
			path = TotalItem;
			sourceTree = "<group>";
		};
		9ABE352B26B9B0A400D9ECB9 /* Create */ = {
			isa = PBXGroup;
			children = (
				9ABE352C26B9B0A400D9ECB9 /* CreateCompostViewController.xib */,
				9ABE352D26B9B0A400D9ECB9 /* CreateCompostViewController.swift */,
			);
			path = Create;
			sourceTree = "<group>";
		};
		9ABE352E26B9B0A400D9ECB9 /* DetailMaterialCell */ = {
			isa = PBXGroup;
			children = (
				9ABE352F26B9B0A400D9ECB9 /* DetailMaterialTableViewCell.swift */,
				9ABE353026B9B0A400D9ECB9 /* DetailMaterialTableViewCell.xib */,
			);
			path = DetailMaterialCell;
			sourceTree = "<group>";
		};
		9ABE353126B9B0A400D9ECB9 /* ListBahanCell */ = {
			isa = PBXGroup;
			children = (
				9ABE353226B9B0A400D9ECB9 /* ListBahanTableViewCell.swift */,
				9ABE353326B9B0A400D9ECB9 /* ListBahanTableViewCell.xib */,
			);
			path = ListBahanCell;
			sourceTree = "<group>";
		};
		9AF79E4226B2F7E100FE6255 /* Utils */ = {
			isa = PBXGroup;
			children = (
				9AAEAC4926B39F8800093429 /* Helper */,
				9AF79E4326B2F7E100FE6255 /* Extension */,
			);
			path = Utils;
			sourceTree = "<group>";
		};
		9AF79E4326B2F7E100FE6255 /* Extension */ = {
			isa = PBXGroup;
			children = (
				9ABE350E26B9B00F00D9ECB9 /* UITextField+Ext.swift */,
				9ABE350D26B9B00F00D9ECB9 /* UIView+Ext.swift */,
			);
			path = Extension;
			sourceTree = "<group>";
		};
		9AF79E4526B2F7E100FE6255 /* Static Data */ = {
			isa = PBXGroup;
			children = (
				9ABE34FD26B9AFC100D9ECB9 /* Condition.swift */,
				9ABE350126B9AFC100D9ECB9 /* Material.swift */,
				9ABE34FC26B9AFC000D9ECB9 /* MaterialDetail.swift */,
				9ABE350026B9AFC100D9ECB9 /* Seeder.swift */,
				9ABE34FB26B9AFC000D9ECB9 /* Solution.swift */,
				9ABE34FE26B9AFC100D9ECB9 /* Tutorial.swift */,
				9ABE34FF26B9AFC100D9ECB9 /* WasteMaterialTutorial.swift */,
			);
			path = "Static Data";
			sourceTree = "<group>";
		};
		C62BC61D26BDAAF200D3E4EB /* CheckingResultsPage */ = {
			isa = PBXGroup;
			children = (
				C62BC62426BDAAF200D3E4EB /* CheckingResultsPageController.swift */,
				C62BC62826BDAAF200D3E4EB /* CheckingResultsPageController.xib */,
				C62BC61E26BDAAF200D3E4EB /* CheckingResultsCell */,
				C62BC62526BDAAF200D3E4EB /* SelesaiButtonCell */,
				C62BC62126BDAAF200D3E4EB /* SolutionHeader */,
			);
			path = CheckingResultsPage;
			sourceTree = "<group>";
		};
		C62BC61E26BDAAF200D3E4EB /* CheckingResultsCell */ = {
			isa = PBXGroup;
			children = (
				C62BC61F26BDAAF200D3E4EB /* CheckingResultsCell.xib */,
				C62BC62026BDAAF200D3E4EB /* CheckingResultsCell.swift */,
			);
			path = CheckingResultsCell;
			sourceTree = "<group>";
		};
		C62BC62126BDAAF200D3E4EB /* SolutionHeader */ = {
			isa = PBXGroup;
			children = (
				C62BC62226BDAAF200D3E4EB /* SolutionHeaderCell.xib */,
				C62BC62326BDAAF200D3E4EB /* SolutionHeaderCell.swift */,
			);
			path = SolutionHeader;
			sourceTree = "<group>";
		};
		C62BC62526BDAAF200D3E4EB /* SelesaiButtonCell */ = {
			isa = PBXGroup;
			children = (
				C62BC62626BDAAF200D3E4EB /* SelesaiButton.xib */,
				C62BC62726BDAAF200D3E4EB /* SelesaiButton.swift */,
			);
			path = SelesaiButtonCell;
			sourceTree = "<group>";
		};
		C645E01426AE59D800888F63 = {
			isa = PBXGroup;
			children = (
				C645E01F26AE59D800888F63 /* Komposku */,
				C645E01E26AE59D800888F63 /* Products */,
				9ABE34FA26B9AF6B00D9ECB9 /* Recovered References */,
			);
			sourceTree = "<group>";
		};
		C645E01E26AE59D800888F63 /* Products */ = {
			isa = PBXGroup;
			children = (
				C645E01D26AE59D800888F63 /* Komposku.app */,
			);
			name = Products;
			sourceTree = "<group>";
		};
		C645E01F26AE59D800888F63 /* Komposku */ = {
			isa = PBXGroup;
			children = (
				C645E03126AE59D900888F63 /* Info.plist */,
				C6C9CBE926AE7D1100D2BECE /* App */,
				C6C9CBEA26AE7D1900D2BECE /* Core */,
				C6C9CBE826AE7D0800D2BECE /* Module */,
				C6C9CBEB26AE7D3100D2BECE /* Resources */,
			);
			path = Komposku;
			sourceTree = "<group>";
		};
		C64F6D5926B39E45000A23CA /* CompostListCell */ = {
			isa = PBXGroup;
			children = (
				C68FA6B426B3B2D400634243 /* CompostTableViewCell.swift */,
				C68FA6B526B3B2D400634243 /* CompostTableViewCell.xib */,
			);
			path = CompostListCell;
			sourceTree = "<group>";
		};
		C67126BF26B31EE500F9B332 /* CompostListPage */ = {
			isa = PBXGroup;
			children = (
				C64F6D5926B39E45000A23CA /* CompostListCell */,
				C65630D326B26C190043B325 /* CompostListPage.xib */,
				C65630DB26B26FD30043B325 /* CompostListPageController.swift */,
			);
			path = CompostListPage;
			sourceTree = "<group>";
		};
		C6C9CBE826AE7D0800D2BECE /* Module */ = {
			isa = PBXGroup;
			children = (
				C67126BF26B31EE500F9B332 /* CompostListPage */,
				C62BC61D26BDAAF200D3E4EB /* CheckingResultsPage */,
				782A792126BB782100B31493 /* Notification */,
				9ABE351B26B9B0A400D9ECB9 /* CreateCompost */,
				78472A9F26B53E630076E3D7 /* ReusableView */,
				78472A9126B53A2B0076E3D7 /* CheckCondition */,
				78472A9026B53A150076E3D7 /* DoneChecking */,
				78472A8F26B53A080076E3D7 /* CompostDetail */,
				78FEC0EE26AF12290034CFC1 /* CompostController.swift */,
				78FEC0EF26AF12290034CFC1 /* CompostController.xib */,
			);
			path = Module;
			sourceTree = "<group>";
		};
		C6C9CBE926AE7D1100D2BECE /* App */ = {
			isa = PBXGroup;
			children = (
				C645E02026AE59D800888F63 /* AppDelegate.swift */,
				C645E02226AE59D800888F63 /* SceneDelegate.swift */,
			);
			path = App;
			sourceTree = "<group>";
		};
		C6C9CBEA26AE7D1900D2BECE /* Core */ = {
			isa = PBXGroup;
			children = (
				9ABE351426B9B09600D9ECB9 /* Compost+CoreDataClass.swift */,
				9ABE351326B9B09600D9ECB9 /* Compost+CoreDataProperties.swift */,
				9ABE351226B9B09600D9ECB9 /* CoreDataManager.swift */,
				9ABE351526B9B09600D9ECB9 /* Process+CoreDataClass.swift */,
				9ABE351126B9B09600D9ECB9 /* Process+CoreDataProperties.swift */,
				C645E02926AE59D800888F63 /* Komposku.xcdatamodeld */,
				9AF79E4526B2F7E100FE6255 /* Static Data */,
				9AF79E4226B2F7E100FE6255 /* Utils */,
			);
			path = Core;
			sourceTree = "<group>";
		};
		C6C9CBEB26AE7D3100D2BECE /* Resources */ = {
			isa = PBXGroup;
			children = (
				C645E02E26AE59D900888F63 /* LaunchScreen.storyboard */,
				C645E02C26AE59D900888F63 /* Assets.xcassets */,
			);
			path = Resources;
			sourceTree = "<group>";
		};
/* End PBXGroup section */

/* Begin PBXNativeTarget section */
		C645E01C26AE59D800888F63 /* Komposku */ = {
			isa = PBXNativeTarget;
			buildConfigurationList = C645E03426AE59D900888F63 /* Build configuration list for PBXNativeTarget "Komposku" */;
			buildPhases = (
				C645E01926AE59D800888F63 /* Sources */,
				C645E01A26AE59D800888F63 /* Frameworks */,
				C645E01B26AE59D800888F63 /* Resources */,
			);
			buildRules = (
			);
			dependencies = (
			);
			name = Komposku;
			productName = Komposku;
			productReference = C645E01D26AE59D800888F63 /* Komposku.app */;
			productType = "com.apple.product-type.application";
		};
/* End PBXNativeTarget section */

/* Begin PBXProject section */
		C645E01526AE59D800888F63 /* Project object */ = {
			isa = PBXProject;
			attributes = {
				LastSwiftUpdateCheck = 1250;
				LastUpgradeCheck = 1250;
				TargetAttributes = {
					C645E01C26AE59D800888F63 = {
						CreatedOnToolsVersion = 12.5.1;
					};
				};
			};
			buildConfigurationList = C645E01826AE59D800888F63 /* Build configuration list for PBXProject "Komposku" */;
			compatibilityVersion = "Xcode 9.3";
			developmentRegion = en;
			hasScannedForEncodings = 0;
			knownRegions = (
				en,
				Base,
			);
			mainGroup = C645E01426AE59D800888F63;
			productRefGroup = C645E01E26AE59D800888F63 /* Products */;
			projectDirPath = "";
			projectRoot = "";
			targets = (
				C645E01C26AE59D800888F63 /* Komposku */,
			);
		};
/* End PBXProject section */

/* Begin PBXResourcesBuildPhase section */
		C645E01B26AE59D800888F63 /* Resources */ = {
			isa = PBXResourcesBuildPhase;
			buildActionMask = 2147483647;
			files = (
				78472A9E26B53D7B0076E3D7 /* DoneCheckingViewController.xib in Resources */,
				9ABE353826B9B0A400D9ECB9 /* BahanTableViewCell.xib in Resources */,
				9ABE353626B9B0A400D9ECB9 /* ListBahanViewController.xib in Resources */,
				9ABE353D26B9B0A400D9ECB9 /* TotalItemTableViewCell.xib in Resources */,
				9ABE354326B9B0A400D9ECB9 /* ListBahanTableViewCell.xib in Resources */,
				9ABE353E26B9B0A400D9ECB9 /* CreateCompostViewController.xib in Resources */,
				C645E03026AE59D900888F63 /* LaunchScreen.storyboard in Resources */,
				C62BC63026BDAAF200D3E4EB /* CheckingResultsPageController.xib in Resources */,
				C62BC62E26BDAAF200D3E4EB /* SelesaiButton.xib in Resources */,
				78FEC0F126AF12290034CFC1 /* CompostController.xib in Resources */,
				C68FA6B726B3B2D400634243 /* CompostTableViewCell.xib in Resources */,
				C65630D426B26C190043B325 /* CompostListPage.xib in Resources */,
				9ABE353B26B9B0A400D9ECB9 /* ProfileTableViewCell.xib in Resources */,
				C62BC62B26BDAAF200D3E4EB /* SolutionHeaderCell.xib in Resources */,
				78472AB126B540810076E3D7 /* ProcessTableViewCell.xib in Resources */,
				78472A9526B53A540076E3D7 /* ConditionViewController.xib in Resources */,
				C645E02D26AE59D900888F63 /* Assets.xcassets in Resources */,
				78472AAD26B53F410076E3D7 /* CompostDetailViewController.xib in Resources */,
				9ABE354126B9B0A400D9ECB9 /* DetailMaterialTableViewCell.xib in Resources */,
				78472A9A26B53A760076E3D7 /* ConditionTableViewCell.xib in Resources */,
				9ABE353426B9B0A400D9ECB9 /* CreateButtonTableViewCell.xib in Resources */,
				C62BC62926BDAAF200D3E4EB /* CheckingResultsCell.xib in Resources */,
			);
			runOnlyForDeploymentPostprocessing = 0;
		};
/* End PBXResourcesBuildPhase section */

/* Begin PBXSourcesBuildPhase section */
		C645E01926AE59D800888F63 /* Sources */ = {
			isa = PBXSourcesBuildPhase;
			buildActionMask = 2147483647;
			files = (
				9ABE353C26B9B0A400D9ECB9 /* TotalItemTableViewCell.swift in Sources */,
				C62BC62D26BDAAF200D3E4EB /* CheckingResultsPageController.swift in Sources */,
				9ABE353526B9B0A400D9ECB9 /* CreateButtonTableViewCell.swift in Sources */,
				C62BC62A26BDAAF200D3E4EB /* CheckingResultsCell.swift in Sources */,
				78472A9926B53A760076E3D7 /* ConditionTableViewCell.swift in Sources */,
				9ABE351A26B9B09600D9ECB9 /* Process+CoreDataClass.swift in Sources */,
				9ABE350526B9AFC100D9ECB9 /* Tutorial.swift in Sources */,
				9ABE354026B9B0A400D9ECB9 /* DetailMaterialTableViewCell.swift in Sources */,
				9ABE354226B9B0A400D9ECB9 /* ListBahanTableViewCell.swift in Sources */,
				9ABE350326B9AFC100D9ECB9 /* MaterialDetail.swift in Sources */,
				9ABE350B26B9B00600D9ECB9 /* MoistureCalculation.swift in Sources */,
				9ABE351626B9B09600D9ECB9 /* Process+CoreDataProperties.swift in Sources */,
				9ABE350426B9AFC100D9ECB9 /* Condition.swift in Sources */,
				9ABE351926B9B09600D9ECB9 /* Compost+CoreDataClass.swift in Sources */,
				9ABE351726B9B09600D9ECB9 /* CoreDataManager.swift in Sources */,
				78472AA926B53EE90076E3D7 /* MoistureLabel.swift in Sources */,
				9ABE353A26B9B0A400D9ECB9 /* ProfileTableViewCell.swift in Sources */,
				782A792326BB783700B31493 /* NotificationPublisher.swift in Sources */,
				9ABE351026B9B00F00D9ECB9 /* UITextField+Ext.swift in Sources */,
				9ABE353926B9B0A400D9ECB9 /* BahanTableViewCell.swift in Sources */,
				78472AA126B53E800076E3D7 /* CustomButton.swift in Sources */,
				9ABE353726B9B0A400D9ECB9 /* ListBahanViewController.swift in Sources */,
				9ABE351826B9B09600D9ECB9 /* Compost+CoreDataProperties.swift in Sources */,
				78472AA526B53EBC0076E3D7 /* DashedLineView.swift in Sources */,
				9ABE350F26B9B00F00D9ECB9 /* UIView+Ext.swift in Sources */,
				C62BC62C26BDAAF200D3E4EB /* SolutionHeaderCell.swift in Sources */,
				9ABE350826B9AFC100D9ECB9 /* Material.swift in Sources */,
				C62BC62F26BDAAF200D3E4EB /* SelesaiButton.swift in Sources */,
				9ABE350626B9AFC100D9ECB9 /* WasteMaterialTutorial.swift in Sources */,
				78472AA326B53EA10076E3D7 /* CustomTableViewCell.swift in Sources */,
				9ABE350226B9AFC100D9ECB9 /* Solution.swift in Sources */,
				9ABE353F26B9B0A400D9ECB9 /* CreateCompostViewController.swift in Sources */,
				78FEC0F026AF12290034CFC1 /* CompostController.swift in Sources */,
				C68FA6B626B3B2D400634243 /* CompostTableViewCell.swift in Sources */,
				78472A9D26B53D7B0076E3D7 /* DoneCheckingViewController.swift in Sources */,
				78472A9426B53A540076E3D7 /* ConditionViewController.swift in Sources */,
				9ABE350C26B9B00600D9ECB9 /* StringModifier.swift in Sources */,
				78472AAC26B53F410076E3D7 /* CompostDetailViewController.swift in Sources */,
				C645E02126AE59D800888F63 /* AppDelegate.swift in Sources */,
				9ABE350726B9AFC100D9ECB9 /* Seeder.swift in Sources */,
				C645E02B26AE59D800888F63 /* Komposku.xcdatamodeld in Sources */,
				C65630DC26B26FD30043B325 /* CompostListPageController.swift in Sources */,
				C645E02326AE59D800888F63 /* SceneDelegate.swift in Sources */,
				78472AA726B53ED00076E3D7 /* LineProcessView.swift in Sources */,
				78472AB026B540810076E3D7 /* ProcessTableViewCell.swift in Sources */,
			);
			runOnlyForDeploymentPostprocessing = 0;
		};
/* End PBXSourcesBuildPhase section */

/* Begin PBXVariantGroup section */
		C645E02E26AE59D900888F63 /* LaunchScreen.storyboard */ = {
			isa = PBXVariantGroup;
			children = (
				C645E02F26AE59D900888F63 /* Base */,
			);
			name = LaunchScreen.storyboard;
			sourceTree = "<group>";
		};
/* End PBXVariantGroup section */

/* Begin XCBuildConfiguration section */
		C645E03226AE59D900888F63 /* Debug */ = {
			isa = XCBuildConfiguration;
			buildSettings = {
				ALWAYS_SEARCH_USER_PATHS = NO;
				CLANG_ANALYZER_NONNULL = YES;
				CLANG_ANALYZER_NUMBER_OBJECT_CONVERSION = YES_AGGRESSIVE;
				CLANG_CXX_LANGUAGE_STANDARD = "gnu++14";
				CLANG_CXX_LIBRARY = "libc++";
				CLANG_ENABLE_MODULES = YES;
				CLANG_ENABLE_OBJC_ARC = YES;
				CLANG_ENABLE_OBJC_WEAK = YES;
				CLANG_WARN_BLOCK_CAPTURE_AUTORELEASING = YES;
				CLANG_WARN_BOOL_CONVERSION = YES;
				CLANG_WARN_COMMA = YES;
				CLANG_WARN_CONSTANT_CONVERSION = YES;
				CLANG_WARN_DEPRECATED_OBJC_IMPLEMENTATIONS = YES;
				CLANG_WARN_DIRECT_OBJC_ISA_USAGE = YES_ERROR;
				CLANG_WARN_DOCUMENTATION_COMMENTS = YES;
				CLANG_WARN_EMPTY_BODY = YES;
				CLANG_WARN_ENUM_CONVERSION = YES;
				CLANG_WARN_INFINITE_RECURSION = YES;
				CLANG_WARN_INT_CONVERSION = YES;
				CLANG_WARN_NON_LITERAL_NULL_CONVERSION = YES;
				CLANG_WARN_OBJC_IMPLICIT_RETAIN_SELF = YES;
				CLANG_WARN_OBJC_LITERAL_CONVERSION = YES;
				CLANG_WARN_OBJC_ROOT_CLASS = YES_ERROR;
				CLANG_WARN_QUOTED_INCLUDE_IN_FRAMEWORK_HEADER = YES;
				CLANG_WARN_RANGE_LOOP_ANALYSIS = YES;
				CLANG_WARN_STRICT_PROTOTYPES = YES;
				CLANG_WARN_SUSPICIOUS_MOVE = YES;
				CLANG_WARN_UNGUARDED_AVAILABILITY = YES_AGGRESSIVE;
				CLANG_WARN_UNREACHABLE_CODE = YES;
				CLANG_WARN__DUPLICATE_METHOD_MATCH = YES;
				COPY_PHASE_STRIP = NO;
				DEBUG_INFORMATION_FORMAT = dwarf;
				ENABLE_STRICT_OBJC_MSGSEND = YES;
				ENABLE_TESTABILITY = YES;
				GCC_C_LANGUAGE_STANDARD = gnu11;
				GCC_DYNAMIC_NO_PIC = NO;
				GCC_NO_COMMON_BLOCKS = YES;
				GCC_OPTIMIZATION_LEVEL = 0;
				GCC_PREPROCESSOR_DEFINITIONS = (
					"DEBUG=1",
					"$(inherited)",
				);
				GCC_WARN_64_TO_32_BIT_CONVERSION = YES;
				GCC_WARN_ABOUT_RETURN_TYPE = YES_ERROR;
				GCC_WARN_UNDECLARED_SELECTOR = YES;
				GCC_WARN_UNINITIALIZED_AUTOS = YES_AGGRESSIVE;
				GCC_WARN_UNUSED_FUNCTION = YES;
				GCC_WARN_UNUSED_VARIABLE = YES;
				IPHONEOS_DEPLOYMENT_TARGET = 14.5;
				MTL_ENABLE_DEBUG_INFO = INCLUDE_SOURCE;
				MTL_FAST_MATH = YES;
				ONLY_ACTIVE_ARCH = YES;
				SDKROOT = iphoneos;
				SWIFT_ACTIVE_COMPILATION_CONDITIONS = DEBUG;
				SWIFT_OPTIMIZATION_LEVEL = "-Onone";
			};
			name = Debug;
		};
		C645E03326AE59D900888F63 /* Release */ = {
			isa = XCBuildConfiguration;
			buildSettings = {
				ALWAYS_SEARCH_USER_PATHS = NO;
				CLANG_ANALYZER_NONNULL = YES;
				CLANG_ANALYZER_NUMBER_OBJECT_CONVERSION = YES_AGGRESSIVE;
				CLANG_CXX_LANGUAGE_STANDARD = "gnu++14";
				CLANG_CXX_LIBRARY = "libc++";
				CLANG_ENABLE_MODULES = YES;
				CLANG_ENABLE_OBJC_ARC = YES;
				CLANG_ENABLE_OBJC_WEAK = YES;
				CLANG_WARN_BLOCK_CAPTURE_AUTORELEASING = YES;
				CLANG_WARN_BOOL_CONVERSION = YES;
				CLANG_WARN_COMMA = YES;
				CLANG_WARN_CONSTANT_CONVERSION = YES;
				CLANG_WARN_DEPRECATED_OBJC_IMPLEMENTATIONS = YES;
				CLANG_WARN_DIRECT_OBJC_ISA_USAGE = YES_ERROR;
				CLANG_WARN_DOCUMENTATION_COMMENTS = YES;
				CLANG_WARN_EMPTY_BODY = YES;
				CLANG_WARN_ENUM_CONVERSION = YES;
				CLANG_WARN_INFINITE_RECURSION = YES;
				CLANG_WARN_INT_CONVERSION = YES;
				CLANG_WARN_NON_LITERAL_NULL_CONVERSION = YES;
				CLANG_WARN_OBJC_IMPLICIT_RETAIN_SELF = YES;
				CLANG_WARN_OBJC_LITERAL_CONVERSION = YES;
				CLANG_WARN_OBJC_ROOT_CLASS = YES_ERROR;
				CLANG_WARN_QUOTED_INCLUDE_IN_FRAMEWORK_HEADER = YES;
				CLANG_WARN_RANGE_LOOP_ANALYSIS = YES;
				CLANG_WARN_STRICT_PROTOTYPES = YES;
				CLANG_WARN_SUSPICIOUS_MOVE = YES;
				CLANG_WARN_UNGUARDED_AVAILABILITY = YES_AGGRESSIVE;
				CLANG_WARN_UNREACHABLE_CODE = YES;
				CLANG_WARN__DUPLICATE_METHOD_MATCH = YES;
				COPY_PHASE_STRIP = NO;
				DEBUG_INFORMATION_FORMAT = "dwarf-with-dsym";
				ENABLE_NS_ASSERTIONS = NO;
				ENABLE_STRICT_OBJC_MSGSEND = YES;
				GCC_C_LANGUAGE_STANDARD = gnu11;
				GCC_NO_COMMON_BLOCKS = YES;
				GCC_WARN_64_TO_32_BIT_CONVERSION = YES;
				GCC_WARN_ABOUT_RETURN_TYPE = YES_ERROR;
				GCC_WARN_UNDECLARED_SELECTOR = YES;
				GCC_WARN_UNINITIALIZED_AUTOS = YES_AGGRESSIVE;
				GCC_WARN_UNUSED_FUNCTION = YES;
				GCC_WARN_UNUSED_VARIABLE = YES;
				IPHONEOS_DEPLOYMENT_TARGET = 14.5;
				MTL_ENABLE_DEBUG_INFO = NO;
				MTL_FAST_MATH = YES;
				SDKROOT = iphoneos;
				SWIFT_COMPILATION_MODE = wholemodule;
				SWIFT_OPTIMIZATION_LEVEL = "-O";
				VALIDATE_PRODUCT = YES;
			};
			name = Release;
		};
		C645E03526AE59D900888F63 /* Debug */ = {
			isa = XCBuildConfiguration;
			buildSettings = {
				ASSETCATALOG_COMPILER_APPICON_NAME = AppIcon;
				ASSETCATALOG_COMPILER_GLOBAL_ACCENT_COLOR_NAME = AccentColor;
				CODE_SIGN_STYLE = Automatic;
				DEVELOPMENT_TEAM = 3BJK86B698;
				INFOPLIST_FILE = Komposku/Info.plist;
				LD_RUNPATH_SEARCH_PATHS = (
					"$(inherited)",
					"@executable_path/Frameworks",
				);
				PRODUCT_BUNDLE_IDENTIFIER = "hijau-daun.Komposku";
				PRODUCT_NAME = "$(TARGET_NAME)";
				SWIFT_VERSION = 5.0;
				TARGETED_DEVICE_FAMILY = "1,2";
			};
			name = Debug;
		};
		C645E03626AE59D900888F63 /* Release */ = {
			isa = XCBuildConfiguration;
			buildSettings = {
				ASSETCATALOG_COMPILER_APPICON_NAME = AppIcon;
				ASSETCATALOG_COMPILER_GLOBAL_ACCENT_COLOR_NAME = AccentColor;
				CODE_SIGN_STYLE = Automatic;
				DEVELOPMENT_TEAM = 3BJK86B698;
				INFOPLIST_FILE = Komposku/Info.plist;
				LD_RUNPATH_SEARCH_PATHS = (
					"$(inherited)",
					"@executable_path/Frameworks",
				);
				PRODUCT_BUNDLE_IDENTIFIER = "hijau-daun.Komposku";
				PRODUCT_NAME = "$(TARGET_NAME)";
				SWIFT_VERSION = 5.0;
				TARGETED_DEVICE_FAMILY = "1,2";
			};
			name = Release;
		};
/* End XCBuildConfiguration section */

/* Begin XCConfigurationList section */
		C645E01826AE59D800888F63 /* Build configuration list for PBXProject "Komposku" */ = {
			isa = XCConfigurationList;
			buildConfigurations = (
				C645E03226AE59D900888F63 /* Debug */,
				C645E03326AE59D900888F63 /* Release */,
			);
			defaultConfigurationIsVisible = 0;
			defaultConfigurationName = Release;
		};
		C645E03426AE59D900888F63 /* Build configuration list for PBXNativeTarget "Komposku" */ = {
			isa = XCConfigurationList;
			buildConfigurations = (
				C645E03526AE59D900888F63 /* Debug */,
				C645E03626AE59D900888F63 /* Release */,
			);
			defaultConfigurationIsVisible = 0;
			defaultConfigurationName = Release;
		};
/* End XCConfigurationList section */

/* Begin XCVersionGroup section */
		C645E02926AE59D800888F63 /* Komposku.xcdatamodeld */ = {
			isa = XCVersionGroup;
			children = (
				C645E02A26AE59D800888F63 /* Komposku.xcdatamodel */,
			);
			currentVersion = C645E02A26AE59D800888F63 /* Komposku.xcdatamodel */;
			path = Komposku.xcdatamodeld;
			sourceTree = "<group>";
			versionGroupType = wrapper.xcdatamodel;
		};
/* End XCVersionGroup section */
	};
	rootObject = C645E01526AE59D800888F63 /* Project object */;
}
